<Solution>
  <Project Path="Person.API/Person.API.csproj" />
  <Project Path="Relationship.API/Relationship.API.csproj" />
  <Project Path="Asset.API/Asset.API.csproj" />
  <Project Path="Balance.API/Balance.API.csproj" />
  <Project Path="Gateway.IntegrationTests/Gateway.IntegrationTests.csproj" />
</Solution>
